
Microsoft Visual Studio Solution File, Format Version 12.00
# Visual Studio Version 17
VisualStudioVersion = 17.8.34525.116
MinimumVisualStudioVersion = 10.0.40219.1
Project("{2150E333-8FDC-42A3-9474-1A3956D46DE8}") = "src", "src", "{9F41DFCD-DE52-4D17-B56C-EB239A76A0C3}"
EndProject
Project("{2150E333-8FDC-42A3-9474-1A3956D46DE8}") = "Core", "Core", "{C39ADD0F-4017-4AF0-9A54-C5039226E836}"
EndProject
Project("{FAE04EC0-301F-11D3-BF4B-00C04F79EFBC}") = "StorePlatform.Application", "StorePlatform.Application\StorePlatform.Application.csproj", "{119B8C1C-F9D1-42CF-BB1B-25F633E617FE}"
EndProject
Project("{FAE04EC0-301F-11D3-BF4B-00C04F79EFBC}") = "StorePlatform.Domain", "StorePlatform.Domain\StorePlatform.Domain.csproj", "{E8ADE05B-4F49-47C4-9EAD-E71EA49945A4}"
EndProject
Project("{2150E333-8FDC-42A3-9474-1A3956D46DE8}") = "Infrastructure", "Infrastructure", "{783AD582-5BD0-4C53-B0F8-995A8175E1A8}"
EndProject
Project("{FAE04EC0-301F-11D3-BF4B-00C04F79EFBC}") = "StorePlatform.Infrastructure", "StorePlatform.Infrastructure\StorePlatform.Infrastructure.csproj", "{B579184F-43B7-46E2-A9D6-E9477AE3B0F7}"
EndProject
Project("{FAE04EC0-301F-11D3-BF4B-00C04F79EFBC}") = "StorePlatform.Persistence", "StorePlatform.Persistence\StorePlatform.Persistence.csproj", "{006E196F-882E-4F54-9D88-06176F01FC67}"
EndProject
Project("{2150E333-8FDC-42A3-9474-1A3956D46DE8}") = "Presentation", "Presentation", "{AACDD648-9C46-4665-9C94-07A7E45C5D44}"
EndProject
Project("{FAE04EC0-301F-11D3-BF4B-00C04F79EFBC}") = "StorePlatform.API", "StorePlatform.API\StorePlatform.API.csproj", "{4C6F9873-9B5F-4BBC-960A-555F99818FF1}"
EndProject
Project("{2150E333-8FDC-42A3-9474-1A3956D46DE8}") = "test", "test", "{4BDB48EF-B79C-4A14-BE5D-D36FE57C0232}"
EndProject
Project("{2150E333-8FDC-42A3-9474-1A3956D46DE8}") = "Core", "Core", "{51EA015B-D1E5-47F0-AC69-8393E23853DC}"
EndProject
Project("{FAE04EC0-301F-11D3-BF4B-00C04F79EFBC}") = "StorePlatform.Application.UnitTest", "StorePlatform.Application.UnitTest\StorePlatform.Application.UnitTest.csproj", "{F7501F4C-7F07-4A0B-A81A-D5778F2DD00A}"
EndProject
Project("{FAE04EC0-301F-11D3-BF4B-00C04F79EFBC}") = "StorePlatform.Domain.UnitTest", "StorePlatform.Domain.UnitTest\StorePlatform.Domain.UnitTest.csproj", "{3D19B9D8-3F42-4FCD-B6E9-CE9B1B817790}"
EndProject
Project("{2150E333-8FDC-42A3-9474-1A3956D46DE8}") = "Infrastructure", "Infrastructure", "{9D85E698-57CA-472F-93D7-B85F423EADA7}"
EndProject
Project("{FAE04EC0-301F-11D3-BF4B-00C04F79EFBC}") = "StorePlatform.Infrastructure.UnitTest", "StorePlatform.Infrastructure.UnitTest\StorePlatform.Infrastructure.UnitTest.csproj", "{9790A528-E3CE-4D9C-B124-0B159498DDE0}"
EndProject
Project("{FAE04EC0-301F-11D3-BF4B-00C04F79EFBC}") = "StorePlatform.Persistence.UnitTest", "StorePlatform.Persistence.UnitTest\StorePlatform.Persistence.UnitTest.csproj", "{0F724803-A583-4967-AB74-478F1EA00ED4}"
EndProject
Project("{2150E333-8FDC-42A3-9474-1A3956D46DE8}") = "Presentation", "Presentation", "{3A8ACEAF-CC58-4B8C-9736-2D77883E42A1}"
EndProject
Project("{FAE04EC0-301F-11D3-BF4B-00C04F79EFBC}") = "StorePlatform.API.UnitTest", "StorePlatform.API.UnitTest\StorePlatform.API.UnitTest.csproj", "{B6BA4ADA-D923-456C-A6A2-D7825C232AF1}"
EndProject
Global
	GlobalSection(SolutionConfigurationPlatforms) = preSolution
		Debug|Any CPU = Debug|Any CPU
		Release|Any CPU = Release|Any CPU
	EndGlobalSection
	GlobalSection(ProjectConfigurationPlatforms) = postSolution
		{119B8C1C-F9D1-42CF-BB1B-25F633E617FE}.Debug|Any CPU.ActiveCfg = Debug|Any CPU
		{119B8C1C-F9D1-42CF-BB1B-25F633E617FE}.Debug|Any CPU.Build.0 = Debug|Any CPU
		{119B8C1C-F9D1-42CF-BB1B-25F633E617FE}.Release|Any CPU.ActiveCfg = Release|Any CPU
		{119B8C1C-F9D1-42CF-BB1B-25F633E617FE}.Release|Any CPU.Build.0 = Release|Any CPU
		{E8ADE05B-4F49-47C4-9EAD-E71EA49945A4}.Debug|Any CPU.ActiveCfg = Debug|Any CPU
		{E8ADE05B-4F49-47C4-9EAD-E71EA49945A4}.Debug|Any CPU.Build.0 = Debug|Any CPU
		{E8ADE05B-4F49-47C4-9EAD-E71EA49945A4}.Release|Any CPU.ActiveCfg = Release|Any CPU
		{E8ADE05B-4F49-47C4-9EAD-E71EA49945A4}.Release|Any CPU.Build.0 = Release|Any CPU
		{B579184F-43B7-46E2-A9D6-E9477AE3B0F7}.Debug|Any CPU.ActiveCfg = Debug|Any CPU
		{B579184F-43B7-46E2-A9D6-E9477AE3B0F7}.Debug|Any CPU.Build.0 = Debug|Any CPU
		{B579184F-43B7-46E2-A9D6-E9477AE3B0F7}.Release|Any CPU.ActiveCfg = Release|Any CPU
		{B579184F-43B7-46E2-A9D6-E9477AE3B0F7}.Release|Any CPU.Build.0 = Release|Any CPU
		{006E196F-882E-4F54-9D88-06176F01FC67}.Debug|Any CPU.ActiveCfg = Debug|Any CPU
		{006E196F-882E-4F54-9D88-06176F01FC67}.Debug|Any CPU.Build.0 = Debug|Any CPU
		{006E196F-882E-4F54-9D88-06176F01FC67}.Release|Any CPU.ActiveCfg = Release|Any CPU
		{006E196F-882E-4F54-9D88-06176F01FC67}.Release|Any CPU.Build.0 = Release|Any CPU
		{4C6F9873-9B5F-4BBC-960A-555F99818FF1}.Debug|Any CPU.ActiveCfg = Debug|Any CPU
		{4C6F9873-9B5F-4BBC-960A-555F99818FF1}.Debug|Any CPU.Build.0 = Debug|Any CPU
		{4C6F9873-9B5F-4BBC-960A-555F99818FF1}.Release|Any CPU.ActiveCfg = Release|Any CPU
		{4C6F9873-9B5F-4BBC-960A-555F99818FF1}.Release|Any CPU.Build.0 = Release|Any CPU
		{F7501F4C-7F07-4A0B-A81A-D5778F2DD00A}.Debug|Any CPU.ActiveCfg = Debug|Any CPU
		{F7501F4C-7F07-4A0B-A81A-D5778F2DD00A}.Debug|Any CPU.Build.0 = Debug|Any CPU
		{F7501F4C-7F07-4A0B-A81A-D5778F2DD00A}.Release|Any CPU.ActiveCfg = Release|Any CPU
		{F7501F4C-7F07-4A0B-A81A-D5778F2DD00A}.Release|Any CPU.Build.0 = Release|Any CPU
		{3D19B9D8-3F42-4FCD-B6E9-CE9B1B817790}.Debug|Any CPU.ActiveCfg = Debug|Any CPU
		{3D19B9D8-3F42-4FCD-B6E9-CE9B1B817790}.Debug|Any CPU.Build.0 = Debug|Any CPU
		{3D19B9D8-3F42-4FCD-B6E9-CE9B1B817790}.Release|Any CPU.ActiveCfg = Release|Any CPU
		{3D19B9D8-3F42-4FCD-B6E9-CE9B1B817790}.Release|Any CPU.Build.0 = Release|Any CPU
		{9790A528-E3CE-4D9C-B124-0B159498DDE0}.Debug|Any CPU.ActiveCfg = Debug|Any CPU
		{9790A528-E3CE-4D9C-B124-0B159498DDE0}.Debug|Any CPU.Build.0 = Debug|Any CPU
		{9790A528-E3CE-4D9C-B124-0B159498DDE0}.Release|Any CPU.ActiveCfg = Release|Any CPU
		{9790A528-E3CE-4D9C-B124-0B159498DDE0}.Release|Any CPU.Build.0 = Release|Any CPU
		{0F724803-A583-4967-AB74-478F1EA00ED4}.Debug|Any CPU.ActiveCfg = Debug|Any CPU
		{0F724803-A583-4967-AB74-478F1EA00ED4}.Debug|Any CPU.Build.0 = Debug|Any CPU
		{0F724803-A583-4967-AB74-478F1EA00ED4}.Release|Any CPU.ActiveCfg = Release|Any CPU
		{0F724803-A583-4967-AB74-478F1EA00ED4}.Release|Any CPU.Build.0 = Release|Any CPU
		{B6BA4ADA-D923-456C-A6A2-D7825C232AF1}.Debug|Any CPU.ActiveCfg = Debug|Any CPU
		{B6BA4ADA-D923-456C-A6A2-D7825C232AF1}.Debug|Any CPU.Build.0 = Debug|Any CPU
		{B6BA4ADA-D923-456C-A6A2-D7825C232AF1}.Release|Any CPU.ActiveCfg = Release|Any CPU
		{B6BA4ADA-D923-456C-A6A2-D7825C232AF1}.Release|Any CPU.Build.0 = Release|Any CPU
	EndGlobalSection
	GlobalSection(SolutionProperties) = preSolution
		HideSolutionNode = FALSE
	EndGlobalSection
	GlobalSection(NestedProjects) = preSolution
		{C39ADD0F-4017-4AF0-9A54-C5039226E836} = {9F41DFCD-DE52-4D17-B56C-EB239A76A0C3}
		{119B8C1C-F9D1-42CF-BB1B-25F633E617FE} = {C39ADD0F-4017-4AF0-9A54-C5039226E836}
		{E8ADE05B-4F49-47C4-9EAD-E71EA49945A4} = {C39ADD0F-4017-4AF0-9A54-C5039226E836}
		{783AD582-5BD0-4C53-B0F8-995A8175E1A8} = {9F41DFCD-DE52-4D17-B56C-EB239A76A0C3}
		{B579184F-43B7-46E2-A9D6-E9477AE3B0F7} = {783AD582-5BD0-4C53-B0F8-995A8175E1A8}
		{006E196F-882E-4F54-9D88-06176F01FC67} = {783AD582-5BD0-4C53-B0F8-995A8175E1A8}
		{AACDD648-9C46-4665-9C94-07A7E45C5D44} = {9F41DFCD-DE52-4D17-B56C-EB239A76A0C3}
		{4C6F9873-9B5F-4BBC-960A-555F99818FF1} = {AACDD648-9C46-4665-9C94-07A7E45C5D44}
		{51EA015B-D1E5-47F0-AC69-8393E23853DC} = {4BDB48EF-B79C-4A14-BE5D-D36FE57C0232}
		{F7501F4C-7F07-4A0B-A81A-D5778F2DD00A} = {51EA015B-D1E5-47F0-AC69-8393E23853DC}
		{3D19B9D8-3F42-4FCD-B6E9-CE9B1B817790} = {51EA015B-D1E5-47F0-AC69-8393E23853DC}
		{9D85E698-57CA-472F-93D7-B85F423EADA7} = {4BDB48EF-B79C-4A14-BE5D-D36FE57C0232}
		{9790A528-E3CE-4D9C-B124-0B159498DDE0} = {9D85E698-57CA-472F-93D7-B85F423EADA7}
		{0F724803-A583-4967-AB74-478F1EA00ED4} = {9D85E698-57CA-472F-93D7-B85F423EADA7}
		{3A8ACEAF-CC58-4B8C-9736-2D77883E42A1} = {4BDB48EF-B79C-4A14-BE5D-D36FE57C0232}
		{B6BA4ADA-D923-456C-A6A2-D7825C232AF1} = {3A8ACEAF-CC58-4B8C-9736-2D77883E42A1}
	EndGlobalSection
	GlobalSection(ExtensibilityGlobals) = postSolution
		SolutionGuid = {6A001B0D-3070-41BE-9F1F-53EFD244B3C7}
	EndGlobalSection
EndGlobal
